
Microsoft Visual Studio Solution File, Format Version 12.00
# Visual Studio Version 17
VisualStudioVersion = 17.9.34728.123
MinimumVisualStudioVersion = 10.0.40219.1
Project("{FAE04EC0-301F-11D3-BF4B-00C04F79EFBC}") = "Pathway.Core", "Pathway\Pathway.Core.csproj", "{77840970-AFA5-4412-89F1-54CE55161ED8}"
EndProject
Project("{FAE04EC0-301F-11D3-BF4B-00C04F79EFBC}") = "Pathway.ReportGenerator", "Pathway.ReportGenerator\Pathway.ReportGenerator.csproj", "{FF6CFB38-076D-4404-AE52-048AB2F81B1F}"
EndProject
Project("{FAE04EC0-301F-11D3-BF4B-00C04F79EFBC}") = "Pathway.Loader", "Pathway.Loader\Pathway.Loader.csproj", "{43C5CE00-CE25-4302-95F7-545333D66ABF}"
EndProject
Global
	GlobalSection(SolutionConfigurationPlatforms) = preSolution
		Debug|Any CPU = Debug|Any CPU
		Release|Any CPU = Release|Any CPU
	EndGlobalSection
	GlobalSection(ProjectConfigurationPlatforms) = postSolution
		{77840970-AFA5-4412-89F1-54CE55161ED8}.Debug|Any CPU.ActiveCfg = Debug|Any CPU
		{77840970-AFA5-4412-89F1-54CE55161ED8}.Debug|Any CPU.Build.0 = Debug|Any CPU
		{77840970-AFA5-4412-89F1-54CE55161ED8}.Release|Any CPU.ActiveCfg = Release|Any CPU
		{77840970-AFA5-4412-89F1-54CE55161ED8}.Release|Any CPU.Build.0 = Release|Any CPU
		{FF6CFB38-076D-4404-AE52-048AB2F81B1F}.Debug|Any CPU.ActiveCfg = Debug|Any CPU
		{FF6CFB38-076D-4404-AE52-048AB2F81B1F}.Debug|Any CPU.Build.0 = Debug|Any CPU
		{FF6CFB38-076D-4404-AE52-048AB2F81B1F}.Release|Any CPU.ActiveCfg = Release|Any CPU
		{FF6CFB38-076D-4404-AE52-048AB2F81B1F}.Release|Any CPU.Build.0 = Release|Any CPU
		{43C5CE00-CE25-4302-95F7-545333D66ABF}.Debug|Any CPU.ActiveCfg = Debug|Any CPU
		{43C5CE00-CE25-4302-95F7-545333D66ABF}.Debug|Any CPU.Build.0 = Debug|Any CPU
		{43C5CE00-CE25-4302-95F7-545333D66ABF}.Release|Any CPU.ActiveCfg = Release|Any CPU
		{43C5CE00-CE25-4302-95F7-545333D66ABF}.Release|Any CPU.Build.0 = Release|Any CPU
	EndGlobalSection
	GlobalSection(SolutionProperties) = preSolution
		HideSolutionNode = FALSE
	EndGlobalSection
	GlobalSection(ExtensibilityGlobals) = postSolution
		SolutionGuid = {ED113707-0240-45AF-AB80-1760DBB9C186}
	EndGlobalSection
EndGlobal
